
Microsoft Visual Studio Solution File, Format Version 12.00
# Visual Studio 15
VisualStudioVersion = 15.0.27703.2047
MinimumVisualStudioVersion = 10.0.40219.1
Project("{9A19103F-16F7-4668-BE54-9A1E7A4F7556}") = "OrleansChatApp.ChatApp", "OrleansChatApp.ChatApp\OrleansChatApp.ChatApp.csproj", "{F86634C5-84A3-4096-8C86-A394DD951D24}"
EndProject
Project("{9A19103F-16F7-4668-BE54-9A1E7A4F7556}") = "OrleansChatApp.Grains", "OrleansChatApp.Grains\OrleansChatApp.Grains.csproj", "{91140941-CAC8-4D3F-8208-058A83629539}"
EndProject
Project("{9A19103F-16F7-4668-BE54-9A1E7A4F7556}") = "OrleansChatApp.Utils", "OrleansChatApp.Utils\OrleansChatApp.Utils.csproj", "{715321E8-FFCB-4E5E-A219-1D8A55B54474}"
EndProject
Project("{9A19103F-16F7-4668-BE54-9A1E7A4F7556}") = "OrleansChatApp.Grains.Interfaces", "OrleansChatApp.Grains.Interfaces\OrleansChatApp.Grains.Interfaces.csproj", "{2AB49AFF-7567-4A08-9BB2-7168F582C643}"
EndProject
Project("{9A19103F-16F7-4668-BE54-9A1E7A4F7556}") = "OrleansChatApp.Host", "OrleansChatApp.Host\OrleansChatApp.Host.csproj", "{4932DB1C-235B-466C-8F4C-B71C1EF8DDF3}"
EndProject
Global
	GlobalSection(SolutionConfigurationPlatforms) = preSolution
		Debug|Any CPU = Debug|Any CPU
		Release|Any CPU = Release|Any CPU
	EndGlobalSection
	GlobalSection(ProjectConfigurationPlatforms) = postSolution
		{F86634C5-84A3-4096-8C86-A394DD951D24}.Debug|Any CPU.ActiveCfg = Debug|Any CPU
		{F86634C5-84A3-4096-8C86-A394DD951D24}.Debug|Any CPU.Build.0 = Debug|Any CPU
		{F86634C5-84A3-4096-8C86-A394DD951D24}.Release|Any CPU.ActiveCfg = Release|Any CPU
		{F86634C5-84A3-4096-8C86-A394DD951D24}.Release|Any CPU.Build.0 = Release|Any CPU
		{91140941-CAC8-4D3F-8208-058A83629539}.Debug|Any CPU.ActiveCfg = Debug|Any CPU
		{91140941-CAC8-4D3F-8208-058A83629539}.Debug|Any CPU.Build.0 = Debug|Any CPU
		{91140941-CAC8-4D3F-8208-058A83629539}.Release|Any CPU.ActiveCfg = Release|Any CPU
		{91140941-CAC8-4D3F-8208-058A83629539}.Release|Any CPU.Build.0 = Release|Any CPU
		{715321E8-FFCB-4E5E-A219-1D8A55B54474}.Debug|Any CPU.ActiveCfg = Debug|Any CPU
		{715321E8-FFCB-4E5E-A219-1D8A55B54474}.Debug|Any CPU.Build.0 = Debug|Any CPU
		{715321E8-FFCB-4E5E-A219-1D8A55B54474}.Release|Any CPU.ActiveCfg = Release|Any CPU
		{715321E8-FFCB-4E5E-A219-1D8A55B54474}.Release|Any CPU.Build.0 = Release|Any CPU
		{2AB49AFF-7567-4A08-9BB2-7168F582C643}.Debug|Any CPU.ActiveCfg = Debug|Any CPU
		{2AB49AFF-7567-4A08-9BB2-7168F582C643}.Debug|Any CPU.Build.0 = Debug|Any CPU
		{2AB49AFF-7567-4A08-9BB2-7168F582C643}.Release|Any CPU.ActiveCfg = Release|Any CPU
		{2AB49AFF-7567-4A08-9BB2-7168F582C643}.Release|Any CPU.Build.0 = Release|Any CPU
		{4932DB1C-235B-466C-8F4C-B71C1EF8DDF3}.Debug|Any CPU.ActiveCfg = Debug|Any CPU
		{4932DB1C-235B-466C-8F4C-B71C1EF8DDF3}.Debug|Any CPU.Build.0 = Debug|Any CPU
		{4932DB1C-235B-466C-8F4C-B71C1EF8DDF3}.Release|Any CPU.ActiveCfg = Release|Any CPU
		{4932DB1C-235B-466C-8F4C-B71C1EF8DDF3}.Release|Any CPU.Build.0 = Release|Any CPU
	EndGlobalSection
	GlobalSection(SolutionProperties) = preSolution
		HideSolutionNode = FALSE
	EndGlobalSection
	GlobalSection(ExtensibilityGlobals) = postSolution
		SolutionGuid = {36274753-399A-4C52-AA12-181B1CEA3742}
	EndGlobalSection
EndGlobal
